
Microsoft Visual Studio Solution File, Format Version 12.00
# Visual Studio Version 17
VisualStudioVersion = 17.13.35931.197 d17.13
MinimumVisualStudioVersion = 10.0.40219.1
Project("{FAE04EC0-301F-11D3-BF4B-00C04F79EFBC}") = "TuitionManagement", "TuitionManagement\TuitionManagement.csproj", "{5F58B997-CA3A-40DB-9884-3E1101E12323}"
EndProject
Global
	GlobalSection(SolutionConfigurationPlatforms) = preSolution
		Debug|Any CPU = Debug|Any CPU
		Release|Any CPU = Release|Any CPU
	EndGlobalSection
	GlobalSection(ProjectConfigurationPlatforms) = postSolution
		{5F58B997-CA3A-40DB-9884-3E1101E12323}.Debug|Any CPU.ActiveCfg = Debug|Any CPU
		{5F58B997-CA3A-40DB-9884-3E1101E12323}.Debug|Any CPU.Build.0 = Debug|Any CPU
		{5F58B997-CA3A-40DB-9884-3E1101E12323}.Release|Any CPU.ActiveCfg = Release|Any CPU
		{5F58B997-CA3A-40DB-9884-3E1101E12323}.Release|Any CPU.Build.0 = Release|Any CPU
	EndGlobalSection
	GlobalSection(SolutionProperties) = preSolution
		HideSolutionNode = FALSE
	EndGlobalSection
	GlobalSection(ExtensibilityGlobals) = postSolution
		SolutionGuid = {E9B279AB-F7F6-4F17-AF6A-EC672F4AE2D2}
	EndGlobalSection
EndGlobal
